
Microsoft Visual Studio Solution File, Format Version 12.00
# Visual Studio Version 16
VisualStudioVersion = 16.0.30406.217
MinimumVisualStudioVersion = 10.0.40219.1
Project("{FAE04EC0-301F-11D3-BF4B-00C04F79EFBC}") = "SGO - Oficinas", "SGO - Sistema de Gerenciamento de Oficinas\SGO - Oficinas.csproj", "{27968C5D-CBFE-4A39-8D6F-E8C0A199ABE8}"
EndProject
Project("{FAE04EC0-301F-11D3-BF4B-00C04F79EFBC}") = "TST", "TST\TST.csproj", "{42CD2BB9-C3B4-4EAD-A91A-8018C235E095}"
EndProject
Project("{FAE04EC0-301F-11D3-BF4B-00C04F79EFBC}") = "DTO", "DTO\DTO.csproj", "{F550B61F-9701-4CC6-8B12-46F8E450EFBF}"
EndProject
Project("{FAE04EC0-301F-11D3-BF4B-00C04F79EFBC}") = "BLL", "BLL\BLL.csproj", "{6A86AF94-5790-44C5-8D21-4340036E5F24}"
EndProject
Global
	GlobalSection(SolutionConfigurationPlatforms) = preSolution
		Debug|Any CPU = Debug|Any CPU
		Release|Any CPU = Release|Any CPU
	EndGlobalSection
	GlobalSection(ProjectConfigurationPlatforms) = postSolution
		{27968C5D-CBFE-4A39-8D6F-E8C0A199ABE8}.Debug|Any CPU.ActiveCfg = Debug|Any CPU
		{27968C5D-CBFE-4A39-8D6F-E8C0A199ABE8}.Debug|Any CPU.Build.0 = Debug|Any CPU
		{27968C5D-CBFE-4A39-8D6F-E8C0A199ABE8}.Release|Any CPU.ActiveCfg = Release|Any CPU
		{27968C5D-CBFE-4A39-8D6F-E8C0A199ABE8}.Release|Any CPU.Build.0 = Release|Any CPU
		{42CD2BB9-C3B4-4EAD-A91A-8018C235E095}.Debug|Any CPU.ActiveCfg = Debug|Any CPU
		{42CD2BB9-C3B4-4EAD-A91A-8018C235E095}.Debug|Any CPU.Build.0 = Debug|Any CPU
		{42CD2BB9-C3B4-4EAD-A91A-8018C235E095}.Release|Any CPU.ActiveCfg = Release|Any CPU
		{42CD2BB9-C3B4-4EAD-A91A-8018C235E095}.Release|Any CPU.Build.0 = Release|Any CPU
		{F550B61F-9701-4CC6-8B12-46F8E450EFBF}.Debug|Any CPU.ActiveCfg = Debug|Any CPU
		{F550B61F-9701-4CC6-8B12-46F8E450EFBF}.Debug|Any CPU.Build.0 = Debug|Any CPU
		{F550B61F-9701-4CC6-8B12-46F8E450EFBF}.Release|Any CPU.ActiveCfg = Release|Any CPU
		{F550B61F-9701-4CC6-8B12-46F8E450EFBF}.Release|Any CPU.Build.0 = Release|Any CPU
		{6A86AF94-5790-44C5-8D21-4340036E5F24}.Debug|Any CPU.ActiveCfg = Debug|Any CPU
		{6A86AF94-5790-44C5-8D21-4340036E5F24}.Debug|Any CPU.Build.0 = Debug|Any CPU
		{6A86AF94-5790-44C5-8D21-4340036E5F24}.Release|Any CPU.ActiveCfg = Release|Any CPU
		{6A86AF94-5790-44C5-8D21-4340036E5F24}.Release|Any CPU.Build.0 = Release|Any CPU
	EndGlobalSection
	GlobalSection(SolutionProperties) = preSolution
		HideSolutionNode = FALSE
	EndGlobalSection
	GlobalSection(ExtensibilityGlobals) = postSolution
		SolutionGuid = {963D272C-F4AE-4420-81C7-E4D771AEADF2}
	EndGlobalSection
	GlobalSection(TeamFoundationVersionControl) = preSolution
		SccNumberOfProjects = 5
		SccEnterpriseProvider = {4CA58AB2-18FA-4F8D-95D4-32DDF27D184C}
		SccTeamFoundationServer = https://dev.azure.com/pedromagalhaes2083
		SccLocalPath0 = .
		SccProjectUniqueName1 = BLL\\BLL.csproj
		SccProjectName1 = BLL
		SccLocalPath1 = BLL
		SccProjectUniqueName2 = DTO\\DTO.csproj
		SccProjectName2 = DTO
		SccLocalPath2 = DTO
		SccProjectUniqueName3 = TST\\TST.csproj
		SccProjectName3 = TST
		SccLocalPath3 = TST
		SccProjectUniqueName4 = SGO\u0020-\u0020Sistema\u0020de\u0020Gerenciamento\u0020de\u0020Oficinas\\SGO\u0020-\u0020Oficinas.csproj
		SccProjectName4 = SGO\u0020-\u0020Sistema\u0020de\u0020Gerenciamento\u0020de\u0020Oficinas
		SccLocalPath4 = SGO\u0020-\u0020Sistema\u0020de\u0020Gerenciamento\u0020de\u0020Oficinas
	EndGlobalSection
EndGlobal
